
Microsoft Visual Studio Solution File, Format Version 12.00
# Visual Studio Version 17
VisualStudioVersion = 17.6.33829.357
MinimumVisualStudioVersion = 10.0.40219.1
Project("{FAE04EC0-301F-11D3-BF4B-00C04F79EFBC}") = "LouvreLIS_Client", "LouvreLIS_Client.csproj", "{CF8BE9AD-EA69-48FA-9B47-04AE9C9B42DF}"
EndProject
Global
	GlobalSection(SolutionConfigurationPlatforms) = preSolution
		Debug|Any CPU = Debug|Any CPU
		Release|Any CPU = Release|Any CPU
	EndGlobalSection
	GlobalSection(ProjectConfigurationPlatforms) = postSolution
		{CF8BE9AD-EA69-48FA-9B47-04AE9C9B42DF}.Debug|Any CPU.ActiveCfg = Debug|Any CPU
		{CF8BE9AD-EA69-48FA-9B47-04AE9C9B42DF}.Debug|Any CPU.Build.0 = Debug|Any CPU
		{CF8BE9AD-EA69-48FA-9B47-04AE9C9B42DF}.Release|Any CPU.ActiveCfg = Release|Any CPU
		{CF8BE9AD-EA69-48FA-9B47-04AE9C9B42DF}.Release|Any CPU.Build.0 = Release|Any CPU
	EndGlobalSection
	GlobalSection(SolutionProperties) = preSolution
		HideSolutionNode = FALSE
	EndGlobalSection
	GlobalSection(ExtensibilityGlobals) = postSolution
		SolutionGuid = {3B6E7F04-989D-418F-9A2D-004AE2225544}
	EndGlobalSection
EndGlobal
